
Microsoft Visual Studio Solution File, Format Version 12.00
# Visual Studio Version 16
VisualStudioVersion = 16.0.35130.168
MinimumVisualStudioVersion = 10.0.40219.1
Project("{FAE04EC0-301F-11D3-BF4B-00C04F79EFBC}") = "WalkingAroundTheConsole", "WalkingAroundTheConsole\WalkingAroundTheConsole.csproj", "{9FEBCDFE-E54C-4C10-B308-24DF0E7AEF92}"
EndProject
Global
	GlobalSection(SolutionConfigurationPlatforms) = preSolution
		Debug|Any CPU = Debug|Any CPU
		Release|Any CPU = Release|Any CPU
	EndGlobalSection
	GlobalSection(ProjectConfigurationPlatforms) = postSolution
		{9FEBCDFE-E54C-4C10-B308-24DF0E7AEF92}.Debug|Any CPU.ActiveCfg = Debug|Any CPU
		{9FEBCDFE-E54C-4C10-B308-24DF0E7AEF92}.Debug|Any CPU.Build.0 = Debug|Any CPU
		{9FEBCDFE-E54C-4C10-B308-24DF0E7AEF92}.Release|Any CPU.ActiveCfg = Release|Any CPU
		{9FEBCDFE-E54C-4C10-B308-24DF0E7AEF92}.Release|Any CPU.Build.0 = Release|Any CPU
	EndGlobalSection
	GlobalSection(SolutionProperties) = preSolution
		HideSolutionNode = FALSE
	EndGlobalSection
	GlobalSection(ExtensibilityGlobals) = postSolution
		SolutionGuid = {B599DEAC-8E38-4BB1-9D04-4A7F706C323B}
	EndGlobalSection
EndGlobal
